
Microsoft Visual Studio Solution File, Format Version 12.00
# Visual Studio Version 17
VisualStudioVersion = 17.1.32210.238
MinimumVisualStudioVersion = 10.0.40219.1
Project("{FAE04EC0-301F-11D3-BF4B-00C04F79EFBC}") = "modul11_1302204051", "modul11_1302204051.csproj", "{5BD6CB65-12F6-4CB5-9389-5E8843CF014E}"
EndProject
Global
	GlobalSection(SolutionConfigurationPlatforms) = preSolution
		Debug|Any CPU = Debug|Any CPU
		Release|Any CPU = Release|Any CPU
	EndGlobalSection
	GlobalSection(ProjectConfigurationPlatforms) = postSolution
		{5BD6CB65-12F6-4CB5-9389-5E8843CF014E}.Debug|Any CPU.ActiveCfg = Debug|Any CPU
		{5BD6CB65-12F6-4CB5-9389-5E8843CF014E}.Debug|Any CPU.Build.0 = Debug|Any CPU
		{5BD6CB65-12F6-4CB5-9389-5E8843CF014E}.Release|Any CPU.ActiveCfg = Release|Any CPU
		{5BD6CB65-12F6-4CB5-9389-5E8843CF014E}.Release|Any CPU.Build.0 = Release|Any CPU
	EndGlobalSection
	GlobalSection(SolutionProperties) = preSolution
		HideSolutionNode = FALSE
	EndGlobalSection
	GlobalSection(ExtensibilityGlobals) = postSolution
		SolutionGuid = {F57AA011-1768-4DE8-92DD-4D513787B70F}
	EndGlobalSection
EndGlobal
